
Microsoft Visual Studio Solution File, Format Version 12.00
# Visual Studio 15
VisualStudioVersion = 15.0.28307.421
MinimumVisualStudioVersion = 10.0.40219.1
Project("{8BC9CEB8-8B4A-11D0-8D11-00A0C91BC942}") = "CxImage", "CxImage\cximage.vcxproj", "{0EA5B639-BC45-46A4-8AC9-05D95FAEC95E}"
EndProject
Project("{8BC9CEB8-8B4A-11D0-8D11-00A0C91BC942}") = "CxImageCrtDll", "CxImage\CxImageDLL\CxImageCrtDll.vcxproj", "{F33E35DC-7416-45B5-BC2A-20CBF1661B8A}"
EndProject
Project("{8BC9CEB8-8B4A-11D0-8D11-00A0C91BC942}") = "CxImageMfcDll", "CxImage\CxImageDLL\cximagemfcdll.vcxproj", "{D21FA146-97C8-4E60-8B4F-E2096AA0EF48}"
EndProject
Project("{8BC9CEB8-8B4A-11D0-8D11-00A0C91BC942}") = "demo", "demo\demo.vcxproj", "{B46631A9-14DC-4679-9CC6-7092B69A3301}"
EndProject
Project("{8BC9CEB8-8B4A-11D0-8D11-00A0C91BC942}") = "demoDll", "demo\demoDLL.vcxproj", "{ECFC9A37-420E-49B1-9BD8-A9957378D33C}"
EndProject
Project("{8BC9CEB8-8B4A-11D0-8D11-00A0C91BC942}") = "jasper", "jasper\jasper.vcxproj", "{1952AFB0-D9A8-4A73-9871-7BD44ED73F45}"
EndProject
Project("{8BC9CEB8-8B4A-11D0-8D11-00A0C91BC942}") = "jbig", "jbig\jbig.vcxproj", "{8A28F3A7-B27A-4375-BA84-6A49867C8A43}"
EndProject
Project("{8BC9CEB8-8B4A-11D0-8D11-00A0C91BC942}") = "jpeg", "jpeg\Jpeg.vcxproj", "{BB68B2A0-DE55-46A4-AB66-DC11668AC2C1}"
EndProject
Project("{8BC9CEB8-8B4A-11D0-8D11-00A0C91BC942}") = "libdcr", "raw\libdcr.vcxproj", "{A3EAA715-1299-4889-A598-06CA0F590F28}"
EndProject
Project("{8BC9CEB8-8B4A-11D0-8D11-00A0C91BC942}") = "mng", "mng\mng.vcxproj", "{37DACD57-DBF7-4FAF-B746-549543DE830E}"
EndProject
Project("{8BC9CEB8-8B4A-11D0-8D11-00A0C91BC942}") = "png", "png\png.vcxproj", "{41FACF98-08C4-444A-A501-6AC3B489346C}"
EndProject
Project("{8BC9CEB8-8B4A-11D0-8D11-00A0C91BC942}") = "tiff", "tiff\Tiff.vcxproj", "{81741B76-0575-4DD2-B72A-9FC918D927C7}"
EndProject
Project("{8BC9CEB8-8B4A-11D0-8D11-00A0C91BC942}") = "zlib", "zlib\zlib.vcxproj", "{690ECF68-8539-43A2-840E-99B8EAA7E832}"
EndProject
Global
	GlobalSection(SolutionConfigurationPlatforms) = preSolution
		Debug|x86 = Debug|x86
		Release|x86 = Release|x86
		Template|x86 = Template|x86
		Unicode Debug|x86 = Unicode Debug|x86
		Unicode Release|x86 = Unicode Release|x86
	EndGlobalSection
	GlobalSection(ProjectConfigurationPlatforms) = postSolution
		{0EA5B639-BC45-46A4-8AC9-05D95FAEC95E}.Debug|x86.ActiveCfg = Debug|Win32
		{0EA5B639-BC45-46A4-8AC9-05D95FAEC95E}.Debug|x86.Build.0 = Debug|Win32
		{0EA5B639-BC45-46A4-8AC9-05D95FAEC95E}.Release|x86.ActiveCfg = Release|Win32
		{0EA5B639-BC45-46A4-8AC9-05D95FAEC95E}.Release|x86.Build.0 = Release|Win32
		{0EA5B639-BC45-46A4-8AC9-05D95FAEC95E}.Template|x86.ActiveCfg = Unicode Release|Win32
		{0EA5B639-BC45-46A4-8AC9-05D95FAEC95E}.Template|x86.Build.0 = Unicode Release|Win32
		{0EA5B639-BC45-46A4-8AC9-05D95FAEC95E}.Unicode Debug|x86.ActiveCfg = Unicode Debug|Win32
		{0EA5B639-BC45-46A4-8AC9-05D95FAEC95E}.Unicode Debug|x86.Build.0 = Unicode Debug|Win32
		{0EA5B639-BC45-46A4-8AC9-05D95FAEC95E}.Unicode Release|x86.ActiveCfg = Unicode Release|Win32
		{0EA5B639-BC45-46A4-8AC9-05D95FAEC95E}.Unicode Release|x86.Build.0 = Unicode Release|Win32
		{F33E35DC-7416-45B5-BC2A-20CBF1661B8A}.Debug|x86.ActiveCfg = Debug|Win32
		{F33E35DC-7416-45B5-BC2A-20CBF1661B8A}.Debug|x86.Build.0 = Debug|Win32
		{F33E35DC-7416-45B5-BC2A-20CBF1661B8A}.Release|x86.ActiveCfg = Release|Win32
		{F33E35DC-7416-45B5-BC2A-20CBF1661B8A}.Release|x86.Build.0 = Release|Win32
		{F33E35DC-7416-45B5-BC2A-20CBF1661B8A}.Template|x86.ActiveCfg = Template|Win32
		{F33E35DC-7416-45B5-BC2A-20CBF1661B8A}.Template|x86.Build.0 = Template|Win32
		{F33E35DC-7416-45B5-BC2A-20CBF1661B8A}.Unicode Debug|x86.ActiveCfg = Unicode Debug|Win32
		{F33E35DC-7416-45B5-BC2A-20CBF1661B8A}.Unicode Debug|x86.Build.0 = Unicode Debug|Win32
		{F33E35DC-7416-45B5-BC2A-20CBF1661B8A}.Unicode Release|x86.ActiveCfg = Unicode Release|Win32
		{F33E35DC-7416-45B5-BC2A-20CBF1661B8A}.Unicode Release|x86.Build.0 = Unicode Release|Win32
		{D21FA146-97C8-4E60-8B4F-E2096AA0EF48}.Debug|x86.ActiveCfg = Debug|Win32
		{D21FA146-97C8-4E60-8B4F-E2096AA0EF48}.Debug|x86.Build.0 = Debug|Win32
		{D21FA146-97C8-4E60-8B4F-E2096AA0EF48}.Release|x86.ActiveCfg = Release|Win32
		{D21FA146-97C8-4E60-8B4F-E2096AA0EF48}.Release|x86.Build.0 = Release|Win32
		{D21FA146-97C8-4E60-8B4F-E2096AA0EF48}.Template|x86.ActiveCfg = Template|Win32
		{D21FA146-97C8-4E60-8B4F-E2096AA0EF48}.Template|x86.Build.0 = Template|Win32
		{D21FA146-97C8-4E60-8B4F-E2096AA0EF48}.Unicode Debug|x86.ActiveCfg = Unicode Debug|Win32
		{D21FA146-97C8-4E60-8B4F-E2096AA0EF48}.Unicode Debug|x86.Build.0 = Unicode Debug|Win32
		{D21FA146-97C8-4E60-8B4F-E2096AA0EF48}.Unicode Release|x86.ActiveCfg = Unicode Release|Win32
		{D21FA146-97C8-4E60-8B4F-E2096AA0EF48}.Unicode Release|x86.Build.0 = Unicode Release|Win32
		{B46631A9-14DC-4679-9CC6-7092B69A3301}.Debug|x86.ActiveCfg = Debug|Win32
		{B46631A9-14DC-4679-9CC6-7092B69A3301}.Debug|x86.Build.0 = Debug|Win32
		{B46631A9-14DC-4679-9CC6-7092B69A3301}.Release|x86.ActiveCfg = Release|Win32
		{B46631A9-14DC-4679-9CC6-7092B69A3301}.Release|x86.Build.0 = Release|Win32
		{B46631A9-14DC-4679-9CC6-7092B69A3301}.Template|x86.ActiveCfg = Template|Win32
		{B46631A9-14DC-4679-9CC6-7092B69A3301}.Template|x86.Build.0 = Template|Win32
		{B46631A9-14DC-4679-9CC6-7092B69A3301}.Unicode Debug|x86.ActiveCfg = Unicode Debug|Win32
		{B46631A9-14DC-4679-9CC6-7092B69A3301}.Unicode Debug|x86.Build.0 = Unicode Debug|Win32
		{B46631A9-14DC-4679-9CC6-7092B69A3301}.Unicode Release|x86.ActiveCfg = Unicode Release|Win32
		{B46631A9-14DC-4679-9CC6-7092B69A3301}.Unicode Release|x86.Build.0 = Unicode Release|Win32
		{ECFC9A37-420E-49B1-9BD8-A9957378D33C}.Debug|x86.ActiveCfg = Debug|Win32
		{ECFC9A37-420E-49B1-9BD8-A9957378D33C}.Debug|x86.Build.0 = Debug|Win32
		{ECFC9A37-420E-49B1-9BD8-A9957378D33C}.Release|x86.ActiveCfg = Release|Win32
		{ECFC9A37-420E-49B1-9BD8-A9957378D33C}.Release|x86.Build.0 = Release|Win32
		{ECFC9A37-420E-49B1-9BD8-A9957378D33C}.Template|x86.ActiveCfg = Template|Win32
		{ECFC9A37-420E-49B1-9BD8-A9957378D33C}.Template|x86.Build.0 = Template|Win32
		{ECFC9A37-420E-49B1-9BD8-A9957378D33C}.Unicode Debug|x86.ActiveCfg = Unicode Debug|Win32
		{ECFC9A37-420E-49B1-9BD8-A9957378D33C}.Unicode Debug|x86.Build.0 = Unicode Debug|Win32
		{ECFC9A37-420E-49B1-9BD8-A9957378D33C}.Unicode Release|x86.ActiveCfg = Unicode Release|Win32
		{ECFC9A37-420E-49B1-9BD8-A9957378D33C}.Unicode Release|x86.Build.0 = Unicode Release|Win32
		{1952AFB0-D9A8-4A73-9871-7BD44ED73F45}.Debug|x86.ActiveCfg = Debug|Win32
		{1952AFB0-D9A8-4A73-9871-7BD44ED73F45}.Debug|x86.Build.0 = Debug|Win32
		{1952AFB0-D9A8-4A73-9871-7BD44ED73F45}.Release|x86.ActiveCfg = Release|Win32
		{1952AFB0-D9A8-4A73-9871-7BD44ED73F45}.Release|x86.Build.0 = Release|Win32
		{1952AFB0-D9A8-4A73-9871-7BD44ED73F45}.Template|x86.ActiveCfg = Template|Win32
		{1952AFB0-D9A8-4A73-9871-7BD44ED73F45}.Template|x86.Build.0 = Template|Win32
		{1952AFB0-D9A8-4A73-9871-7BD44ED73F45}.Unicode Debug|x86.ActiveCfg = Unicode Debug|Win32
		{1952AFB0-D9A8-4A73-9871-7BD44ED73F45}.Unicode Debug|x86.Build.0 = Unicode Debug|Win32
		{1952AFB0-D9A8-4A73-9871-7BD44ED73F45}.Unicode Release|x86.ActiveCfg = Unicode Release|Win32
		{1952AFB0-D9A8-4A73-9871-7BD44ED73F45}.Unicode Release|x86.Build.0 = Unicode Release|Win32
		{8A28F3A7-B27A-4375-BA84-6A49867C8A43}.Debug|x86.ActiveCfg = Debug|Win32
		{8A28F3A7-B27A-4375-BA84-6A49867C8A43}.Debug|x86.Build.0 = Debug|Win32
		{8A28F3A7-B27A-4375-BA84-6A49867C8A43}.Release|x86.ActiveCfg = Release|Win32
		{8A28F3A7-B27A-4375-BA84-6A49867C8A43}.Release|x86.Build.0 = Release|Win32
		{8A28F3A7-B27A-4375-BA84-6A49867C8A43}.Template|x86.ActiveCfg = Template|Win32
		{8A28F3A7-B27A-4375-BA84-6A49867C8A43}.Template|x86.Build.0 = Template|Win32
		{8A28F3A7-B27A-4375-BA84-6A49867C8A43}.Unicode Debug|x86.ActiveCfg = Unicode Debug|Win32
		{8A28F3A7-B27A-4375-BA84-6A49867C8A43}.Unicode Debug|x86.Build.0 = Unicode Debug|Win32
		{8A28F3A7-B27A-4375-BA84-6A49867C8A43}.Unicode Release|x86.ActiveCfg = Unicode Release|Win32
		{8A28F3A7-B27A-4375-BA84-6A49867C8A43}.Unicode Release|x86.Build.0 = Unicode Release|Win32
		{BB68B2A0-DE55-46A4-AB66-DC11668AC2C1}.Debug|x86.ActiveCfg = Debug|Win32
		{BB68B2A0-DE55-46A4-AB66-DC11668AC2C1}.Debug|x86.Build.0 = Debug|Win32
		{BB68B2A0-DE55-46A4-AB66-DC11668AC2C1}.Release|x86.ActiveCfg = Release|Win32
		{BB68B2A0-DE55-46A4-AB66-DC11668AC2C1}.Release|x86.Build.0 = Release|Win32
		{BB68B2A0-DE55-46A4-AB66-DC11668AC2C1}.Template|x86.ActiveCfg = Template|Win32
		{BB68B2A0-DE55-46A4-AB66-DC11668AC2C1}.Template|x86.Build.0 = Template|Win32
		{BB68B2A0-DE55-46A4-AB66-DC11668AC2C1}.Unicode Debug|x86.ActiveCfg = Unicode Debug|Win32
		{BB68B2A0-DE55-46A4-AB66-DC11668AC2C1}.Unicode Debug|x86.Build.0 = Unicode Debug|Win32
		{BB68B2A0-DE55-46A4-AB66-DC11668AC2C1}.Unicode Release|x86.ActiveCfg = Unicode Release|Win32
		{BB68B2A0-DE55-46A4-AB66-DC11668AC2C1}.Unicode Release|x86.Build.0 = Unicode Release|Win32
		{A3EAA715-1299-4889-A598-06CA0F590F28}.Debug|x86.ActiveCfg = Debug|Win32
		{A3EAA715-1299-4889-A598-06CA0F590F28}.Debug|x86.Build.0 = Debug|Win32
		{A3EAA715-1299-4889-A598-06CA0F590F28}.Release|x86.ActiveCfg = Release|Win32
		{A3EAA715-1299-4889-A598-06CA0F590F28}.Release|x86.Build.0 = Release|Win32
		{A3EAA715-1299-4889-A598-06CA0F590F28}.Template|x86.ActiveCfg = Template|Win32
		{A3EAA715-1299-4889-A598-06CA0F590F28}.Template|x86.Build.0 = Template|Win32
		{A3EAA715-1299-4889-A598-06CA0F590F28}.Unicode Debug|x86.ActiveCfg = Unicode Debug|Win32
		{A3EAA715-1299-4889-A598-06CA0F590F28}.Unicode Debug|x86.Build.0 = Unicode Debug|Win32
		{A3EAA715-1299-4889-A598-06CA0F590F28}.Unicode Release|x86.ActiveCfg = Unicode Release|Win32
		{A3EAA715-1299-4889-A598-06CA0F590F28}.Unicode Release|x86.Build.0 = Unicode Release|Win32
		{37DACD57-DBF7-4FAF-B746-549543DE830E}.Debug|x86.ActiveCfg = Debug|Win32
		{37DACD57-DBF7-4FAF-B746-549543DE830E}.Debug|x86.Build.0 = Debug|Win32
		{37DACD57-DBF7-4FAF-B746-549543DE830E}.Release|x86.ActiveCfg = Release|Win32
		{37DACD57-DBF7-4FAF-B746-549543DE830E}.Release|x86.Build.0 = Release|Win32
		{37DACD57-DBF7-4FAF-B746-549543DE830E}.Template|x86.ActiveCfg = Template|Win32
		{37DACD57-DBF7-4FAF-B746-549543DE830E}.Template|x86.Build.0 = Template|Win32
		{37DACD57-DBF7-4FAF-B746-549543DE830E}.Unicode Debug|x86.ActiveCfg = Unicode Debug|Win32
		{37DACD57-DBF7-4FAF-B746-549543DE830E}.Unicode Debug|x86.Build.0 = Unicode Debug|Win32
		{37DACD57-DBF7-4FAF-B746-549543DE830E}.Unicode Release|x86.ActiveCfg = Unicode Release|Win32
		{37DACD57-DBF7-4FAF-B746-549543DE830E}.Unicode Release|x86.Build.0 = Unicode Release|Win32
		{41FACF98-08C4-444A-A501-6AC3B489346C}.Debug|x86.ActiveCfg = Debug|Win32
		{41FACF98-08C4-444A-A501-6AC3B489346C}.Debug|x86.Build.0 = Debug|Win32
		{41FACF98-08C4-444A-A501-6AC3B489346C}.Release|x86.ActiveCfg = Release|Win32
		{41FACF98-08C4-444A-A501-6AC3B489346C}.Release|x86.Build.0 = Release|Win32
		{41FACF98-08C4-444A-A501-6AC3B489346C}.Template|x86.ActiveCfg = Template|Win32
		{41FACF98-08C4-444A-A501-6AC3B489346C}.Template|x86.Build.0 = Template|Win32
		{41FACF98-08C4-444A-A501-6AC3B489346C}.Unicode Debug|x86.ActiveCfg = Unicode Debug|Win32
		{41FACF98-08C4-444A-A501-6AC3B489346C}.Unicode Debug|x86.Build.0 = Unicode Debug|Win32
		{41FACF98-08C4-444A-A501-6AC3B489346C}.Unicode Release|x86.ActiveCfg = Unicode Release|Win32
		{41FACF98-08C4-444A-A501-6AC3B489346C}.Unicode Release|x86.Build.0 = Unicode Release|Win32
		{81741B76-0575-4DD2-B72A-9FC918D927C7}.Debug|x86.ActiveCfg = Debug|Win32
		{81741B76-0575-4DD2-B72A-9FC918D927C7}.Debug|x86.Build.0 = Debug|Win32
		{81741B76-0575-4DD2-B72A-9FC918D927C7}.Release|x86.ActiveCfg = Release|Win32
		{81741B76-0575-4DD2-B72A-9FC918D927C7}.Release|x86.Build.0 = Release|Win32
		{81741B76-0575-4DD2-B72A-9FC918D927C7}.Template|x86.ActiveCfg = Template|Win32
		{81741B76-0575-4DD2-B72A-9FC918D927C7}.Template|x86.Build.0 = Template|Win32
		{81741B76-0575-4DD2-B72A-9FC918D927C7}.Unicode Debug|x86.ActiveCfg = Unicode Debug|Win32
		{81741B76-0575-4DD2-B72A-9FC918D927C7}.Unicode Debug|x86.Build.0 = Unicode Debug|Win32
		{81741B76-0575-4DD2-B72A-9FC918D927C7}.Unicode Release|x86.ActiveCfg = Unicode Release|Win32
		{81741B76-0575-4DD2-B72A-9FC918D927C7}.Unicode Release|x86.Build.0 = Unicode Release|Win32
		{690ECF68-8539-43A2-840E-99B8EAA7E832}.Debug|x86.ActiveCfg = Debug|Win32
		{690ECF68-8539-43A2-840E-99B8EAA7E832}.Debug|x86.Build.0 = Debug|Win32
		{690ECF68-8539-43A2-840E-99B8EAA7E832}.Release|x86.ActiveCfg = Release|Win32
		{690ECF68-8539-43A2-840E-99B8EAA7E832}.Release|x86.Build.0 = Release|Win32
		{690ECF68-8539-43A2-840E-99B8EAA7E832}.Template|x86.ActiveCfg = Template|Win32
		{690ECF68-8539-43A2-840E-99B8EAA7E832}.Template|x86.Build.0 = Template|Win32
		{690ECF68-8539-43A2-840E-99B8EAA7E832}.Unicode Debug|x86.ActiveCfg = Unicode Debug|Win32
		{690ECF68-8539-43A2-840E-99B8EAA7E832}.Unicode Debug|x86.Build.0 = Unicode Debug|Win32
		{690ECF68-8539-43A2-840E-99B8EAA7E832}.Unicode Release|x86.ActiveCfg = Unicode Release|Win32
		{690ECF68-8539-43A2-840E-99B8EAA7E832}.Unicode Release|x86.Build.0 = Unicode Release|Win32
	EndGlobalSection
	GlobalSection(SolutionProperties) = preSolution
		HideSolutionNode = FALSE
	EndGlobalSection
	GlobalSection(ExtensibilityGlobals) = postSolution
		SolutionGuid = {9E2CC351-6AB8-4E2D-B1FB-C45C2E2A68A8}
	EndGlobalSection
EndGlobal
